// !$*UTF8*$!
{
	archiveVersion = 1;
	classes = {
	};
	objectVersion = 55;
	objects = {

/* Begin PBXBuildFile section */
		85A70E7A27BFF0C800856EC5 /* MovieDetailsViewController.swift in Sources */ = {isa = PBXBuildFile; fileRef = 85A70E7927BFF0C800856EC5 /* MovieDetailsViewController.swift */; };
		85A70E7C27C01A3200856EC5 /* MovieGridViewController.swift in Sources */ = {isa = PBXBuildFile; fileRef = 85A70E7B27C01A3200856EC5 /* MovieGridViewController.swift */; };
		85A70E7E27C025EE00856EC5 /* MovieGridCell.swift in Sources */ = {isa = PBXBuildFile; fileRef = 85A70E7D27C025EE00856EC5 /* MovieGridCell.swift */; };
		85D8771427B6C73E0054BC87 /* AppDelegate.swift in Sources */ = {isa = PBXBuildFile; fileRef = 85D8771327B6C73E0054BC87 /* AppDelegate.swift */; };
		85D8771627B6C73E0054BC87 /* SceneDelegate.swift in Sources */ = {isa = PBXBuildFile; fileRef = 85D8771527B6C73E0054BC87 /* SceneDelegate.swift */; };
		85D8771827B6C73E0054BC87 /* MoviesViewController.swift in Sources */ = {isa = PBXBuildFile; fileRef = 85D8771727B6C73E0054BC87 /* MoviesViewController.swift */; };
		85D8771B27B6C73E0054BC87 /* Main.storyboard in Resources */ = {isa = PBXBuildFile; fileRef = 85D8771927B6C73E0054BC87 /* Main.storyboard */; };
		85D8771D27B6C73E0054BC87 /* Assets.xcassets in Resources */ = {isa = PBXBuildFile; fileRef = 85D8771C27B6C73E0054BC87 /* Assets.xcassets */; };
		85D8772027B6C73E0054BC87 /* LaunchScreen.storyboard in Resources */ = {isa = PBXBuildFile; fileRef = 85D8771E27B6C73E0054BC87 /* LaunchScreen.storyboard */; };
		85D8772B27B6C73F0054BC87 /* FlixTests.swift in Sources */ = {isa = PBXBuildFile; fileRef = 85D8772A27B6C73F0054BC87 /* FlixTests.swift */; };
		85D8773527B6C73F0054BC87 /* FlixUITests.swift in Sources */ = {isa = PBXBuildFile; fileRef = 85D8773427B6C73F0054BC87 /* FlixUITests.swift */; };
		85D8773727B6C73F0054BC87 /* FlixUITestsLaunchTests.swift in Sources */ = {isa = PBXBuildFile; fileRef = 85D8773627B6C73F0054BC87 /* FlixUITestsLaunchTests.swift */; };
		85DB437B27C04808007D01AE /* MovieDetailsViewController2.swift in Sources */ = {isa = PBXBuildFile; fileRef = 85DB437A27C04808007D01AE /* MovieDetailsViewController2.swift */; };
		85FB21F127B6E37200787A3A /* MovieCell.swift in Sources */ = {isa = PBXBuildFile; fileRef = 85FB21F027B6E37200787A3A /* MovieCell.swift */; };
		85FB21F427B6F2E500787A3A /* AlamofireImage in Frameworks */ = {isa = PBXBuildFile; productRef = 85FB21F327B6F2E500787A3A /* AlamofireImage */; };
/* End PBXBuildFile section */

/* Begin PBXContainerItemProxy section */
		85D8772727B6C73F0054BC87 /* PBXContainerItemProxy */ = {
			isa = PBXContainerItemProxy;
			containerPortal = 85D8770827B6C73E0054BC87 /* Project object */;
			proxyType = 1;
			remoteGlobalIDString = 85D8770F27B6C73E0054BC87;
			remoteInfo = Flix;
		};
		85D8773127B6C73F0054BC87 /* PBXContainerItemProxy */ = {
			isa = PBXContainerItemProxy;
			containerPortal = 85D8770827B6C73E0054BC87 /* Project object */;
			proxyType = 1;
			remoteGlobalIDString = 85D8770F27B6C73E0054BC87;
			remoteInfo = Flix;
		};
/* End PBXContainerItemProxy section */

/* Begin PBXFileReference section */
		85A70E7927BFF0C800856EC5 /* MovieDetailsViewController.swift */ = {isa = PBXFileReference; lastKnownFileType = sourcecode.swift; path = MovieDetailsViewController.swift; sourceTree = "<group>"; };
		85A70E7B27C01A3200856EC5 /* MovieGridViewController.swift */ = {isa = PBXFileReference; lastKnownFileType = sourcecode.swift; path = MovieGridViewController.swift; sourceTree = "<group>"; };
		85A70E7D27C025EE00856EC5 /* MovieGridCell.swift */ = {isa = PBXFileReference; lastKnownFileType = sourcecode.swift; path = MovieGridCell.swift; sourceTree = "<group>"; };
		85D8771027B6C73E0054BC87 /* Flix.app */ = {isa = PBXFileReference; explicitFileType = wrapper.application; includeInIndex = 0; path = Flix.app; sourceTree = BUILT_PRODUCTS_DIR; };
		85D8771327B6C73E0054BC87 /* AppDelegate.swift */ = {isa = PBXFileReference; lastKnownFileType = sourcecode.swift; path = AppDelegate.swift; sourceTree = "<group>"; };
		85D8771527B6C73E0054BC87 /* SceneDelegate.swift */ = {isa = PBXFileReference; lastKnownFileType = sourcecode.swift; path = SceneDelegate.swift; sourceTree = "<group>"; };
		85D8771727B6C73E0054BC87 /* MoviesViewController.swift */ = {isa = PBXFileReference; lastKnownFileType = sourcecode.swift; path = MoviesViewController.swift; sourceTree = "<group>"; };
		85D8771A27B6C73E0054BC87 /* Base */ = {isa = PBXFileReference; lastKnownFileType = file.storyboard; name = Base; path = Base.lproj/Main.storyboard; sourceTree = "<group>"; };
		85D8771C27B6C73E0054BC87 /* Assets.xcassets */ = {isa = PBXFileReference; lastKnownFileType = folder.assetcatalog; name = Assets.xcassets; path = Flix/Assets.xcassets; sourceTree = SOURCE_ROOT; };
		85D8771F27B6C73E0054BC87 /* Base */ = {isa = PBXFileReference; lastKnownFileType = file.storyboard; name = Base; path = Base.lproj/LaunchScreen.storyboard; sourceTree = "<group>"; };
		85D8772127B6C73E0054BC87 /* Info.plist */ = {isa = PBXFileReference; lastKnownFileType = text.plist.xml; path = Info.plist; sourceTree = "<group>"; };
		85D8772627B6C73F0054BC87 /* FlixTests.xctest */ = {isa = PBXFileReference; explicitFileType = wrapper.cfbundle; includeInIndex = 0; path = FlixTests.xctest; sourceTree = BUILT_PRODUCTS_DIR; };
		85D8772A27B6C73F0054BC87 /* FlixTests.swift */ = {isa = PBXFileReference; lastKnownFileType = sourcecode.swift; path = FlixTests.swift; sourceTree = "<group>"; };
		85D8773027B6C73F0054BC87 /* FlixUITests.xctest */ = {isa = PBXFileReference; explicitFileType = wrapper.cfbundle; includeInIndex = 0; path = FlixUITests.xctest; sourceTree = BUILT_PRODUCTS_DIR; };
		85D8773427B6C73F0054BC87 /* FlixUITests.swift */ = {isa = PBXFileReference; lastKnownFileType = sourcecode.swift; path = FlixUITests.swift; sourceTree = "<group>"; };
		85D8773627B6C73F0054BC87 /* FlixUITestsLaunchTests.swift */ = {isa = PBXFileReference; lastKnownFileType = sourcecode.swift; path = FlixUITestsLaunchTests.swift; sourceTree = "<group>"; };
		85DB437A27C04808007D01AE /* MovieDetailsViewController2.swift */ = {isa = PBXFileReference; lastKnownFileType = sourcecode.swift; path = MovieDetailsViewController2.swift; sourceTree = "<group>"; };
		85FB21F027B6E37200787A3A /* MovieCell.swift */ = {isa = PBXFileReference; lastKnownFileType = sourcecode.swift; path = MovieCell.swift; sourceTree = "<group>"; };
/* End PBXFileReference section */

/* Begin PBXFrameworksBuildPhase section */
		85D8770D27B6C73E0054BC87 /* Frameworks */ = {
			isa = PBXFrameworksBuildPhase;
			buildActionMask = 2147483647;
			files = (
				85FB21F427B6F2E500787A3A /* AlamofireImage in Frameworks */,
			);
			runOnlyForDeploymentPostprocessing = 0;
		};
		85D8772327B6C73F0054BC87 /* Frameworks */ = {
			isa = PBXFrameworksBuildPhase;
			buildActionMask = 2147483647;
			files = (
			);
			runOnlyForDeploymentPostprocessing = 0;
		};
		85D8772D27B6C73F0054BC87 /* Frameworks */ = {
			isa = PBXFrameworksBuildPhase;
			buildActionMask = 2147483647;
			files = (
			);
			runOnlyForDeploymentPostprocessing = 0;
		};
/* End PBXFrameworksBuildPhase section */

/* Begin PBXGroup section */
		85D8770727B6C73E0054BC87 = {
			isa = PBXGroup;
			children = (
				85D8771227B6C73E0054BC87 /* Flix */,
				85D8772927B6C73F0054BC87 /* FlixTests */,
				85D8773327B6C73F0054BC87 /* FlixUITests */,
				85D8771127B6C73E0054BC87 /* Products */,
			);
			sourceTree = "<group>";
		};
		85D8771127B6C73E0054BC87 /* Products */ = {
			isa = PBXGroup;
			children = (
				85D8771027B6C73E0054BC87 /* Flix.app */,
				85D8772627B6C73F0054BC87 /* FlixTests.xctest */,
				85D8773027B6C73F0054BC87 /* FlixUITests.xctest */,
			);
			name = Products;
			sourceTree = "<group>";
		};
		85D8771227B6C73E0054BC87 /* Flix */ = {
			isa = PBXGroup;
			children = (
				85A70E7D27C025EE00856EC5 /* MovieGridCell.swift */,
				85A70E7B27C01A3200856EC5 /* MovieGridViewController.swift */,
				85D8771327B6C73E0054BC87 /* AppDelegate.swift */,
				85D8771527B6C73E0054BC87 /* SceneDelegate.swift */,
				85D8771727B6C73E0054BC87 /* MoviesViewController.swift */,
				85D8771927B6C73E0054BC87 /* Main.storyboard */,
				85DB437A27C04808007D01AE /* MovieDetailsViewController2.swift */,
				85A70E7927BFF0C800856EC5 /* MovieDetailsViewController.swift */,
				85FB21F027B6E37200787A3A /* MovieCell.swift */,
				85D8771C27B6C73E0054BC87 /* Assets.xcassets */,
				85D8771E27B6C73E0054BC87 /* LaunchScreen.storyboard */,
				85D8772127B6C73E0054BC87 /* Info.plist */,
			);
			path = Flix;
			sourceTree = "<group>";
		};
		85D8772927B6C73F0054BC87 /* FlixTests */ = {
			isa = PBXGroup;
			children = (
				85D8772A27B6C73F0054BC87 /* FlixTests.swift */,
			);
			path = FlixTests;
			sourceTree = "<group>";
		};
		85D8773327B6C73F0054BC87 /* FlixUITests */ = {
			isa = PBXGroup;
			children = (
				85D8773427B6C73F0054BC87 /* FlixUITests.swift */,
				85D8773627B6C73F0054BC87 /* FlixUITestsLaunchTests.swift */,
			);
			path = FlixUITests;
			sourceTree = "<group>";
		};
/* End PBXGroup section */

/* Begin PBXNativeTarget section */
		85D8770F27B6C73E0054BC87 /* Flix */ = {
			isa = PBXNativeTarget;
			buildConfigurationList = 85D8773A27B6C73F0054BC87 /* Build configuration list for PBXNativeTarget "Flix" */;
			buildPhases = (
				85D8770C27B6C73E0054BC87 /* Sources */,
				85D8770D27B6C73E0054BC87 /* Frameworks */,
				85D8770E27B6C73E0054BC87 /* Resources */,
			);
			buildRules = (
			);
			dependencies = (
			);
			name = Flix;
			packageProductDependencies = (
				85FB21F327B6F2E500787A3A /* AlamofireImage */,
			);
			productName = Flix;
			productReference = 85D8771027B6C73E0054BC87 /* Flix.app */;
			productType = "com.apple.product-type.application";
		};
		85D8772527B6C73F0054BC87 /* FlixTests */ = {
			isa = PBXNativeTarget;
			buildConfigurationList = 85D8773D27B6C73F0054BC87 /* Build configuration list for PBXNativeTarget "FlixTests" */;
			buildPhases = (
				85D8772227B6C73F0054BC87 /* Sources */,
				85D8772327B6C73F0054BC87 /* Frameworks */,
				85D8772427B6C73F0054BC87 /* Resources */,
			);
			buildRules = (
			);
			dependencies = (
				85D8772827B6C73F0054BC87 /* PBXTargetDependency */,
			);
			name = FlixTests;
			productName = FlixTests;
			productReference = 85D8772627B6C73F0054BC87 /* FlixTests.xctest */;
			productType = "com.apple.product-type.bundle.unit-test";
		};
		85D8772F27B6C73F0054BC87 /* FlixUITests */ = {
			isa = PBXNativeTarget;
			buildConfigurationList = 85D8774027B6C73F0054BC87 /* Build configuration list for PBXNativeTarget "FlixUITests" */;
			buildPhases = (
				85D8772C27B6C73F0054BC87 /* Sources */,
				85D8772D27B6C73F0054BC87 /* Frameworks */,
				85D8772E27B6C73F0054BC87 /* Resources */,
			);
			buildRules = (
			);
			dependencies = (
				85D8773227B6C73F0054BC87 /* PBXTargetDependency */,
			);
			name = FlixUITests;
			productName = FlixUITests;
			productReference = 85D8773027B6C73F0054BC87 /* FlixUITests.xctest */;
			productType = "com.apple.product-type.bundle.ui-testing";
		};
/* End PBXNativeTarget section */

/* Begin PBXProject section */
		85D8770827B6C73E0054BC87 /* Project object */ = {
			isa = PBXProject;
			attributes = {
				BuildIndependentTargetsInParallel = 1;
				LastSwiftUpdateCheck = 1320;
				LastUpgradeCheck = 1320;
				TargetAttributes = {
					85D8770F27B6C73E0054BC87 = {
						CreatedOnToolsVersion = 13.2.1;
					};
					85D8772527B6C73F0054BC87 = {
						CreatedOnToolsVersion = 13.2.1;
						TestTargetID = 85D8770F27B6C73E0054BC87;
					};
					85D8772F27B6C73F0054BC87 = {
						CreatedOnToolsVersion = 13.2.1;
						TestTargetID = 85D8770F27B6C73E0054BC87;
					};
				};
			};
			buildConfigurationList = 85D8770B27B6C73E0054BC87 /* Build configuration list for PBXProject "Flix" */;
			compatibilityVersion = "Xcode 13.0";
			developmentRegion = en;
			hasScannedForEncodings = 0;
			knownRegions = (
				en,
				Base,
			);
			mainGroup = 85D8770727B6C73E0054BC87;
			packageReferences = (
				85FB21F227B6F2E500787A3A /* XCRemoteSwiftPackageReference "AlamofireImage" */,
			);
			productRefGroup = 85D8771127B6C73E0054BC87 /* Products */;
			projectDirPath = "";
			projectRoot = "";
			targets = (
				85D8770F27B6C73E0054BC87 /* Flix */,
				85D8772527B6C73F0054BC87 /* FlixTests */,
				85D8772F27B6C73F0054BC87 /* FlixUITests */,
			);
		};
/* End PBXProject section */

/* Begin PBXResourcesBuildPhase section */
		85D8770E27B6C73E0054BC87 /* Resources */ = {
			isa = PBXResourcesBuildPhase;
			buildActionMask = 2147483647;
			files = (
				85D8772027B6C73E0054BC87 /* LaunchScreen.storyboard in Resources */,
				85D8771D27B6C73E0054BC87 /* Assets.xcassets in Resources */,
				85D8771B27B6C73E0054BC87 /* Main.storyboard in Resources */,
			);
			runOnlyForDeploymentPostprocessing = 0;
		};
		85D8772427B6C73F0054BC87 /* Resources */ = {
			isa = PBXResourcesBuildPhase;
			buildActionMask = 2147483647;
			files = (
			);
			runOnlyForDeploymentPostprocessing = 0;
		};
		85D8772E27B6C73F0054BC87 /* Resources */ = {
			isa = PBXResourcesBuildPhase;
			buildActionMask = 2147483647;
			files = (
			);
			runOnlyForDeploymentPostprocessing = 0;
		};
/* End PBXResourcesBuildPhase section */

/* Begin PBXSourcesBuildPhase section */
		85D8770C27B6C73E0054BC87 /* Sources */ = {
			isa = PBXSourcesBuildPhase;
			buildActionMask = 2147483647;
			files = (
				85A70E7A27BFF0C800856EC5 /* MovieDetailsViewController.swift in Sources */,
				85DB437B27C04808007D01AE /* MovieDetailsViewController2.swift in Sources */,
				85D8771827B6C73E0054BC87 /* MoviesViewController.swift in Sources */,
				85D8771427B6C73E0054BC87 /* AppDelegate.swift in Sources */,
				85FB21F127B6E37200787A3A /* MovieCell.swift in Sources */,
				85D8771627B6C73E0054BC87 /* SceneDelegate.swift in Sources */,
				85A70E7C27C01A3200856EC5 /* MovieGridViewController.swift in Sources */,
				85A70E7E27C025EE00856EC5 /* MovieGridCell.swift in Sources */,
			);
			runOnlyForDeploymentPostprocessing = 0;
		};
		85D8772227B6C73F0054BC87 /* Sources */ = {
			isa = PBXSourcesBuildPhase;
			buildActionMask = 2147483647;
			files = (
				85D8772B27B6C73F0054BC87 /* FlixTests.swift in Sources */,
			);
			runOnlyForDeploymentPostprocessing = 0;
		};
		85D8772C27B6C73F0054BC87 /* Sources */ = {
			isa = PBXSourcesBuildPhase;
			buildActionMask = 2147483647;
			files = (
				85D8773527B6C73F0054BC87 /* FlixUITests.swift in Sources */,
				85D8773727B6C73F0054BC87 /* FlixUITestsLaunchTests.swift in Sources */,
			);
			runOnlyForDeploymentPostprocessing = 0;
		};
/* End PBXSourcesBuildPhase section */

/* Begin PBXTargetDependency section */
		85D8772827B6C73F0054BC87 /* PBXTargetDependency */ = {
			isa = PBXTargetDependency;
			target = 85D8770F27B6C73E0054BC87 /* Flix */;
			targetProxy = 85D8772727B6C73F0054BC87 /* PBXContainerItemProxy */;
		};
		85D8773227B6C73F0054BC87 /* PBXTargetDependency */ = {
			isa = PBXTargetDependency;
			target = 85D8770F27B6C73E0054BC87 /* Flix */;
			targetProxy = 85D8773127B6C73F0054BC87 /* PBXContainerItemProxy */;
		};
/* End PBXTargetDependency section */

/* Begin PBXVariantGroup section */
		85D8771927B6C73E0054BC87 /* Main.storyboard */ = {
			isa = PBXVariantGroup;
			children = (
				85D8771A27B6C73E0054BC87 /* Base */,
			);
			name = Main.storyboard;
			sourceTree = "<group>";
		};
		85D8771E27B6C73E0054BC87 /* LaunchScreen.storyboard */ = {
			isa = PBXVariantGroup;
			children = (
				85D8771F27B6C73E0054BC87 /* Base */,
			);
			name = LaunchScreen.storyboard;
			sourceTree = "<group>";
		};
/* End PBXVariantGroup section */

/* Begin XCBuildConfiguration section */
		85D8773827B6C73F0054BC87 /* Debug */ = {
			isa = XCBuildConfiguration;
			buildSettings = {
				ALWAYS_SEARCH_USER_PATHS = NO;
				CLANG_ANALYZER_NONNULL = YES;
				CLANG_ANALYZER_NUMBER_OBJECT_CONVERSION = YES_AGGRESSIVE;
				CLANG_CXX_LANGUAGE_STANDARD = "gnu++17";
				CLANG_CXX_LIBRARY = "libc++";
				CLANG_ENABLE_MODULES = YES;
				CLANG_ENABLE_OBJC_ARC = YES;
				CLANG_ENABLE_OBJC_WEAK = YES;
				CLANG_WARN_BLOCK_CAPTURE_AUTORELEASING = YES;
				CLANG_WARN_BOOL_CONVERSION = YES;
				CLANG_WARN_COMMA = YES;
				CLANG_WARN_CONSTANT_CONVERSION = YES;
				CLANG_WARN_DEPRECATED_OBJC_IMPLEMENTATIONS = YES;
				CLANG_WARN_DIRECT_OBJC_ISA_USAGE = YES_ERROR;
				CLANG_WARN_DOCUMENTATION_COMMENTS = YES;
				CLANG_WARN_EMPTY_BODY = YES;
				CLANG_WARN_ENUM_CONVERSION = YES;
				CLANG_WARN_INFINITE_RECURSION = YES;
				CLANG_WARN_INT_CONVERSION = YES;
				CLANG_WARN_NON_LITERAL_NULL_CONVERSION = YES;
				CLANG_WARN_OBJC_IMPLICIT_RETAIN_SELF = YES;
				CLANG_WARN_OBJC_LITERAL_CONVERSION = YES;
				CLANG_WARN_OBJC_ROOT_CLASS = YES_ERROR;
				CLANG_WARN_QUOTED_INCLUDE_IN_FRAMEWORK_HEADER = YES;
				CLANG_WARN_RANGE_LOOP_ANALYSIS = YES;
				CLANG_WARN_STRICT_PROTOTYPES = YES;
				CLANG_WARN_SUSPICIOUS_MOVE = YES;
				CLANG_WARN_UNGUARDED_AVAILABILITY = YES_AGGRESSIVE;
				CLANG_WARN_UNREACHABLE_CODE = YES;
				CLANG_WARN__DUPLICATE_METHOD_MATCH = YES;
				COPY_PHASE_STRIP = NO;
				DEBUG_INFORMATION_FORMAT = dwarf;
				ENABLE_STRICT_OBJC_MSGSEND = YES;
				ENABLE_TESTABILITY = YES;
				GCC_C_LANGUAGE_STANDARD = gnu11;
				GCC_DYNAMIC_NO_PIC = NO;
				GCC_NO_COMMON_BLOCKS = YES;
				GCC_OPTIMIZATION_LEVEL = 0;
				GCC_PREPROCESSOR_DEFINITIONS = (
					"DEBUG=1",
					"$(inherited)",
				);
				GCC_WARN_64_TO_32_BIT_CONVERSION = YES;
				GCC_WARN_ABOUT_RETURN_TYPE = YES_ERROR;
				GCC_WARN_UNDECLARED_SELECTOR = YES;
				GCC_WARN_UNINITIALIZED_AUTOS = YES_AGGRESSIVE;
				GCC_WARN_UNUSED_FUNCTION = YES;
				GCC_WARN_UNUSED_VARIABLE = YES;
				IPHONEOS_DEPLOYMENT_TARGET = 15.2;
				MTL_ENABLE_DEBUG_INFO = INCLUDE_SOURCE;
				MTL_FAST_MATH = YES;
				ONLY_ACTIVE_ARCH = YES;
				SDKROOT = iphoneos;
				SWIFT_ACTIVE_COMPILATION_CONDITIONS = DEBUG;
				SWIFT_OPTIMIZATION_LEVEL = "-Onone";
			};
			name = Debug;
		};
		85D8773927B6C73F0054BC87 /* Release */ = {
			isa = XCBuildConfiguration;
			buildSettings = {
				ALWAYS_SEARCH_USER_PATHS = NO;
				CLANG_ANALYZER_NONNULL = YES;
				CLANG_ANALYZER_NUMBER_OBJECT_CONVERSION = YES_AGGRESSIVE;
				CLANG_CXX_LANGUAGE_STANDARD = "gnu++17";
				CLANG_CXX_LIBRARY = "libc++";
				CLANG_ENABLE_MODULES = YES;
				CLANG_ENABLE_OBJC_ARC = YES;
				CLANG_ENABLE_OBJC_WEAK = YES;
				CLANG_WARN_BLOCK_CAPTURE_AUTORELEASING = YES;
				CLANG_WARN_BOOL_CONVERSION = YES;
				CLANG_WARN_COMMA = YES;
				CLANG_WARN_CONSTANT_CONVERSION = YES;
				CLANG_WARN_DEPRECATED_OBJC_IMPLEMENTATIONS = YES;
				CLANG_WARN_DIRECT_OBJC_ISA_USAGE = YES_ERROR;
				CLANG_WARN_DOCUMENTATION_COMMENTS = YES;
				CLANG_WARN_EMPTY_BODY = YES;
				CLANG_WARN_ENUM_CONVERSION = YES;
				CLANG_WARN_INFINITE_RECURSION = YES;
				CLANG_WARN_INT_CONVERSION = YES;
				CLANG_WARN_NON_LITERAL_NULL_CONVERSION = YES;
				CLANG_WARN_OBJC_IMPLICIT_RETAIN_SELF = YES;
				CLANG_WARN_OBJC_LITERAL_CONVERSION = YES;
				CLANG_WARN_OBJC_ROOT_CLASS = YES_ERROR;
				CLANG_WARN_QUOTED_INCLUDE_IN_FRAMEWORK_HEADER = YES;
				CLANG_WARN_RANGE_LOOP_ANALYSIS = YES;
				CLANG_WARN_STRICT_PROTOTYPES = YES;
				CLANG_WARN_SUSPICIOUS_MOVE = YES;
				CLANG_WARN_UNGUARDED_AVAILABILITY = YES_AGGRESSIVE;
				CLANG_WARN_UNREACHABLE_CODE = YES;
				CLANG_WARN__DUPLICATE_METHOD_MATCH = YES;
				COPY_PHASE_STRIP = NO;
				DEBUG_INFORMATION_FORMAT = "dwarf-with-dsym";
				ENABLE_NS_ASSERTIONS = NO;
				ENABLE_STRICT_OBJC_MSGSEND = YES;
				GCC_C_LANGUAGE_STANDARD = gnu11;
				GCC_NO_COMMON_BLOCKS = YES;
				GCC_WARN_64_TO_32_BIT_CONVERSION = YES;
				GCC_WARN_ABOUT_RETURN_TYPE = YES_ERROR;
				GCC_WARN_UNDECLARED_SELECTOR = YES;
				GCC_WARN_UNINITIALIZED_AUTOS = YES_AGGRESSIVE;
				GCC_WARN_UNUSED_FUNCTION = YES;
				GCC_WARN_UNUSED_VARIABLE = YES;
				IPHONEOS_DEPLOYMENT_TARGET = 15.2;
				MTL_ENABLE_DEBUG_INFO = NO;
				MTL_FAST_MATH = YES;
				SDKROOT = iphoneos;
				SWIFT_COMPILATION_MODE = wholemodule;
				SWIFT_OPTIMIZATION_LEVEL = "-O";
				VALIDATE_PRODUCT = YES;
			};
			name = Release;
		};
		85D8773B27B6C73F0054BC87 /* Debug */ = {
			isa = XCBuildConfiguration;
			buildSettings = {
				ASSETCATALOG_COMPILER_APPICON_NAME = AppIcon;
				ASSETCATALOG_COMPILER_GLOBAL_ACCENT_COLOR_NAME = AccentColor;
				CODE_SIGN_STYLE = Automatic;
				CURRENT_PROJECT_VERSION = 1;
				DEVELOPMENT_TEAM = 3E2XQ23W3F;
				GENERATE_INFOPLIST_FILE = YES;
				INFOPLIST_FILE = Flix/Info.plist;
				INFOPLIST_KEY_UIApplicationSupportsIndirectInputEvents = YES;
				INFOPLIST_KEY_UILaunchStoryboardName = LaunchScreen;
				INFOPLIST_KEY_UIMainStoryboardFile = Main;
				INFOPLIST_KEY_UISupportedInterfaceOrientations_iPad = "UIInterfaceOrientationPortrait UIInterfaceOrientationPortraitUpsideDown UIInterfaceOrientationLandscapeLeft UIInterfaceOrientationLandscapeRight";
				INFOPLIST_KEY_UISupportedInterfaceOrientations_iPhone = "UIInterfaceOrientationPortrait UIInterfaceOrientationLandscapeLeft UIInterfaceOrientationLandscapeRight";
				LD_RUNPATH_SEARCH_PATHS = (
					"$(inherited)",
					"@executable_path/Frameworks",
				);
				MARKETING_VERSION = 1.0;
				PRODUCT_BUNDLE_IDENTIFIER = com.bryan0147.Flix;
				PRODUCT_NAME = "$(TARGET_NAME)";
				SWIFT_EMIT_LOC_STRINGS = YES;
				SWIFT_VERSION = 5.0;
				TARGETED_DEVICE_FAMILY = 1;
			};
			name = Debug;
		};
		85D8773C27B6C73F0054BC87 /* Release */ = {
			isa = XCBuildConfiguration;
			buildSettings = {
				ASSETCATALOG_COMPILER_APPICON_NAME = AppIcon;
				ASSETCATALOG_COMPILER_GLOBAL_ACCENT_COLOR_NAME = AccentColor;
				CODE_SIGN_STYLE = Automatic;
				CURRENT_PROJECT_VERSION = 1;
				DEVELOPMENT_TEAM = 3E2XQ23W3F;
				GENERATE_INFOPLIST_FILE = YES;
				INFOPLIST_FILE = Flix/Info.plist;
				INFOPLIST_KEY_UIApplicationSupportsIndirectInputEvents = YES;
				INFOPLIST_KEY_UILaunchStoryboardName = LaunchScreen;
				INFOPLIST_KEY_UIMainStoryboardFile = Main;
				INFOPLIST_KEY_UISupportedInterfaceOrientations_iPad = "UIInterfaceOrientationPortrait UIInterfaceOrientationPortraitUpsideDown UIInterfaceOrientationLandscapeLeft UIInterfaceOrientationLandscapeRight";
				INFOPLIST_KEY_UISupportedInterfaceOrientations_iPhone = "UIInterfaceOrientationPortrait UIInterfaceOrientationLandscapeLeft UIInterfaceOrientationLandscapeRight";
				LD_RUNPATH_SEARCH_PATHS = (
					"$(inherited)",
					"@executable_path/Frameworks",
				);
				MARKETING_VERSION = 1.0;
				PRODUCT_BUNDLE_IDENTIFIER = com.bryan0147.Flix;
				PRODUCT_NAME = "$(TARGET_NAME)";
				SWIFT_EMIT_LOC_STRINGS = YES;
				SWIFT_VERSION = 5.0;
				TARGETED_DEVICE_FAMILY = 1;
			};
			name = Release;
		};
		85D8773E27B6C73F0054BC87 /* Debug */ = {
			isa = XCBuildConfiguration;
			buildSettings = {
				ALWAYS_EMBED_SWIFT_STANDARD_LIBRARIES = YES;
				BUNDLE_LOADER = "$(TEST_HOST)";
				CODE_SIGN_STYLE = Automatic;
				CURRENT_PROJECT_VERSION = 1;
				DEVELOPMENT_TEAM = 3E2XQ23W3F;
				GENERATE_INFOPLIST_FILE = YES;
				IPHONEOS_DEPLOYMENT_TARGET = 15.2;
				MARKETING_VERSION = 1.0;
				PRODUCT_BUNDLE_IDENTIFIER = com.bryan0147.FlixTests;
				PRODUCT_NAME = "$(TARGET_NAME)";
				SWIFT_EMIT_LOC_STRINGS = NO;
				SWIFT_VERSION = 5.0;
				TARGETED_DEVICE_FAMILY = "1,2";
				TEST_HOST = "$(BUILT_PRODUCTS_DIR)/Flix.app/Flix";
			};
			name = Debug;
		};
		85D8773F27B6C73F0054BC87 /* Release */ = {
			isa = XCBuildConfiguration;
			buildSettings = {
				ALWAYS_EMBED_SWIFT_STANDARD_LIBRARIES = YES;
				BUNDLE_LOADER = "$(TEST_HOST)";
				CODE_SIGN_STYLE = Automatic;
				CURRENT_PROJECT_VERSION = 1;
				DEVELOPMENT_TEAM = 3E2XQ23W3F;
				GENERATE_INFOPLIST_FILE = YES;
				IPHONEOS_DEPLOYMENT_TARGET = 15.2;
				MARKETING_VERSION = 1.0;
				PRODUCT_BUNDLE_IDENTIFIER = com.bryan0147.FlixTests;
				PRODUCT_NAME = "$(TARGET_NAME)";
				SWIFT_EMIT_LOC_STRINGS = NO;
				SWIFT_VERSION = 5.0;
				TARGETED_DEVICE_FAMILY = "1,2";
				TEST_HOST = "$(BUILT_PRODUCTS_DIR)/Flix.app/Flix";
			};
			name = Release;
		};
		85D8774127B6C73F0054BC87 /* Debug */ = {
			isa = XCBuildConfiguration;
			buildSettings = {
				ALWAYS_EMBED_SWIFT_STANDARD_LIBRARIES = YES;
				CODE_SIGN_STYLE = Automatic;
				CURRENT_PROJECT_VERSION = 1;
				DEVELOPMENT_TEAM = 3E2XQ23W3F;
				GENERATE_INFOPLIST_FILE = YES;
				MARKETING_VERSION = 1.0;
				PRODUCT_BUNDLE_IDENTIFIER = com.bryan0147.FlixUITests;
				PRODUCT_NAME = "$(TARGET_NAME)";
				SWIFT_EMIT_LOC_STRINGS = NO;
				SWIFT_VERSION = 5.0;
				TARGETED_DEVICE_FAMILY = "1,2";
				TEST_TARGET_NAME = Flix;
			};
			name = Debug;
		};
		85D8774227B6C73F0054BC87 /* Release */ = {
			isa = XCBuildConfiguration;
			buildSettings = {
				ALWAYS_EMBED_SWIFT_STANDARD_LIBRARIES = YES;
				CODE_SIGN_STYLE = Automatic;
				CURRENT_PROJECT_VERSION = 1;
				DEVELOPMENT_TEAM = 3E2XQ23W3F;
				GENERATE_INFOPLIST_FILE = YES;
				MARKETING_VERSION = 1.0;
				PRODUCT_BUNDLE_IDENTIFIER = com.bryan0147.FlixUITests;
				PRODUCT_NAME = "$(TARGET_NAME)";
				SWIFT_EMIT_LOC_STRINGS = NO;
				SWIFT_VERSION = 5.0;
				TARGETED_DEVICE_FAMILY = "1,2";
				TEST_TARGET_NAME = Flix;
			};
			name = Release;
		};
/* End XCBuildConfiguration section */

/* Begin XCConfigurationList section */
		85D8770B27B6C73E0054BC87 /* Build configuration list for PBXProject "Flix" */ = {
			isa = XCConfigurationList;
			buildConfigurations = (
				85D8773827B6C73F0054BC87 /* Debug */,
				85D8773927B6C73F0054BC87 /* Release */,
			);
			defaultConfigurationIsVisible = 0;
			defaultConfigurationName = Release;
		};
		85D8773A27B6C73F0054BC87 /* Build configuration list for PBXNativeTarget "Flix" */ = {
			isa = XCConfigurationList;
			buildConfigurations = (
				85D8773B27B6C73F0054BC87 /* Debug */,
				85D8773C27B6C73F0054BC87 /* Release */,
			);
			defaultConfigurationIsVisible = 0;
			defaultConfigurationName = Release;
		};
		85D8773D27B6C73F0054BC87 /* Build configuration list for PBXNativeTarget "FlixTests" */ = {
			isa = XCConfigurationList;
			buildConfigurations = (
				85D8773E27B6C73F0054BC87 /* Debug */,
				85D8773F27B6C73F0054BC87 /* Release */,
			);
			defaultConfigurationIsVisible = 0;
			defaultConfigurationName = Release;
		};
		85D8774027B6C73F0054BC87 /* Build configuration list for PBXNativeTarget "FlixUITests" */ = {
			isa = XCConfigurationList;
			buildConfigurations = (
				85D8774127B6C73F0054BC87 /* Debug */,
				85D8774227B6C73F0054BC87 /* Release */,
			);
			defaultConfigurationIsVisible = 0;
			defaultConfigurationName = Release;
		};
/* End XCConfigurationList section */

/* Begin XCRemoteSwiftPackageReference section */
		85FB21F227B6F2E500787A3A /* XCRemoteSwiftPackageReference "AlamofireImage" */ = {
			isa = XCRemoteSwiftPackageReference;
			repositoryURL = "https://github.com/Alamofire/AlamofireImage";
			requirement = {
				kind = upToNextMajorVersion;
				minimumVersion = 4.0.0;
			};
		};
/* End XCRemoteSwiftPackageReference section */

/* Begin XCSwiftPackageProductDependency section */
		85FB21F327B6F2E500787A3A /* AlamofireImage */ = {
			isa = XCSwiftPackageProductDependency;
			package = 85FB21F227B6F2E500787A3A /* XCRemoteSwiftPackageReference "AlamofireImage" */;
			productName = AlamofireImage;
		};
/* End XCSwiftPackageProductDependency section */
	};
	rootObject = 85D8770827B6C73E0054BC87 /* Project object */;
}
